
Microsoft Visual Studio Solution File, Format Version 12.00
# Visual Studio 15
VisualStudioVersion = 15.0.27004.2009
MinimumVisualStudioVersion = 10.0.40219.1
Project("{FAE04EC0-301F-11D3-BF4B-00C04F79EFBC}") = "MessageService", "MessageService\MessageService.csproj", "{0502BC50-FF96-42D6-9CED-0049DD0811FB}"
EndProject
Global
	GlobalSection(SolutionConfigurationPlatforms) = preSolution
		Debug|Any CPU = Debug|Any CPU
		Release|Any CPU = Release|Any CPU
	EndGlobalSection
	GlobalSection(ProjectConfigurationPlatforms) = postSolution
		{0502BC50-FF96-42D6-9CED-0049DD0811FB}.Debug|Any CPU.ActiveCfg = Debug|Any CPU
		{0502BC50-FF96-42D6-9CED-0049DD0811FB}.Debug|Any CPU.Build.0 = Debug|Any CPU
		{0502BC50-FF96-42D6-9CED-0049DD0811FB}.Release|Any CPU.ActiveCfg = Release|Any CPU
		{0502BC50-FF96-42D6-9CED-0049DD0811FB}.Release|Any CPU.Build.0 = Release|Any CPU
	EndGlobalSection
	GlobalSection(SolutionProperties) = preSolution
		HideSolutionNode = FALSE
	EndGlobalSection
	GlobalSection(ExtensibilityGlobals) = postSolution
		SolutionGuid = {DCD9D5A1-C9BC-4D97-A747-8C31EEFABA74}
	EndGlobalSection
EndGlobal
